// !$*UTF8*$!
{
	archiveVersion = 1;
	classes = {
	};
	objectVersion = 77;
	objects = {

/* Begin PBXBuildFile section */
		047F248B03C64F2E458C7278 /* OptionalControls.swift in Sources */ = {isa = PBXBuildFile; fileRef = DE34C5F00325D3348CCF1CBE /* OptionalControls.swift */; };
		09B71999DC9295636239DBB0 /* MemoryBrowserView.swift in Sources */ = {isa = PBXBuildFile; fileRef = B3EC07620633172990EC203D /* MemoryBrowserView.swift */; };
		0C446AE7C21D73687DC9E7F2 /* AdvancedSettingsView.swift in Sources */ = {isa = PBXBuildFile; fileRef = E0F9A8AADAEA140CA6CB9246 /* AdvancedSettingsView.swift */; };
		1B38341DEA45D71EC6F6DF19 /* PermissionsView.swift in Sources */ = {isa = PBXBuildFile; fileRef = AF5D2E3EB31B9AED0B334214 /* PermissionsView.swift */; };
		22746358C62548BD2BCDBC85 /* SessionBrowserView.swift in Sources */ = {isa = PBXBuildFile; fileRef = 3E23D1C20409E39042B3322A /* SessionBrowserView.swift */; };
		237C71DE7BCEAFE42587D8B9 /* RawJSONView.swift in Sources */ = {isa = PBXBuildFile; fileRef = A669F90169F59C69185A7D37 /* RawJSONView.swift */; };
		29183AFECAEF04F7690B7500 /* SessionHistory.swift in Sources */ = {isa = PBXBuildFile; fileRef = 634910EF660D06D5E832B1EE /* SessionHistory.swift */; };
		2C288FD2672E453613E2E734 /* Paths.swift in Sources */ = {isa = PBXBuildFile; fileRef = 00FCE4F3DD826E50E33C5726 /* Paths.swift */; };
		3ACEB32BA7D560036978AE43 /* GeneralSettingsView.swift in Sources */ = {isa = PBXBuildFile; fileRef = 8FE7363A3F6A695E94ADDC03 /* GeneralSettingsView.swift */; };
		3AD25C1F14C7629F627E6462 /* ConfigEditor.swift in Sources */ = {isa = PBXBuildFile; fileRef = 631654C11B7203FEB90293F0 /* ConfigEditor.swift */; };
		4494F5927BA471687AFA44B3 /* SandboxView.swift in Sources */ = {isa = PBXBuildFile; fileRef = B605903FAB788DE11705FC64 /* SandboxView.swift */; };
		49BFE5A83D0E705D329DEAA5 /* EffectiveConfigView.swift in Sources */ = {isa = PBXBuildFile; fileRef = C39C5D2D59B89E9C96C4AA5D /* EffectiveConfigView.swift */; };
		49C2610595D859E63F710B93 /* ClaudeSettings.swift in Sources */ = {isa = PBXBuildFile; fileRef = 64274441B52DC284F6D8D7D7 /* ClaudeSettings.swift */; };
		4BEFC208646FD2EBF475DB81 /* MemoryEntry.swift in Sources */ = {isa = PBXBuildFile; fileRef = 4F7D811AAD0F340F6F108269 /* MemoryEntry.swift */; };
		5FC427B1164F5FA640C3C072 /* MarkdownFileEditor.swift in Sources */ = {isa = PBXBuildFile; fileRef = 25CDC710349425E55324627C /* MarkdownFileEditor.swift */; };
		660DA2DB200BD55740F62C20 /* PluginsView.swift in Sources */ = {isa = PBXBuildFile; fileRef = D2FCAE92FC89D1E9C44E0177 /* PluginsView.swift */; };
		6A2842493AB2AB314BD491AB /* ClaudeMdView.swift in Sources */ = {isa = PBXBuildFile; fileRef = 59B30486FB81B42D82CDF18F /* ClaudeMdView.swift */; };
		7A9B4B69C9D7E2932FA325AA /* DiskUsageView.swift in Sources */ = {isa = PBXBuildFile; fileRef = B8908A7A07DB4724EDD84916 /* DiskUsageView.swift */; };
		7C3BB9410C6AE33F1198B721 /* ConfigScope.swift in Sources */ = {isa = PBXBuildFile; fileRef = A9B52A5151CB12065DCCCDD4 /* ConfigScope.swift */; };
		807A079DC55F852576338F04 /* MCPConfig.swift in Sources */ = {isa = PBXBuildFile; fileRef = A751FA052BE0731913030CDA /* MCPConfig.swift */; };
		812507A6F498F4DAA8890F64 /* ContentView.swift in Sources */ = {isa = PBXBuildFile; fileRef = 774B1767ECDF9B0AE3C6A2B7 /* ContentView.swift */; };
		865607752ED6025BB9F9E9CC /* AnalyticsView.swift in Sources */ = {isa = PBXBuildFile; fileRef = A7720EB8EA79DA43B8E2AECB /* AnalyticsView.swift */; };
		871C61BE921A6629087D47F3 /* Assets.xcassets in Resources */ = {isa = PBXBuildFile; fileRef = 46DB955C876F288DBBA69E73 /* Assets.xcassets */; };
		8AE5F0C9400EF1DB29175704 /* MCPServersView.swift in Sources */ = {isa = PBXBuildFile; fileRef = 1877C375C902E05A52D82A18 /* MCPServersView.swift */; };
		947215A20F171BCCE77D8BD8 /* HooksView.swift in Sources */ = {isa = PBXBuildFile; fileRef = 2C19847BDFFE198BF4E54EED /* HooksView.swift */; };
		A745721DD8E0ADC11349EED6 /* MCPConnectionTester.swift in Sources */ = {isa = PBXBuildFile; fileRef = 0443A1176E7C07C12BF9D890 /* MCPConnectionTester.swift */; };
		A8043DD70D15B66C3D686CC2 /* ClaudeConfigApp.swift in Sources */ = {isa = PBXBuildFile; fileRef = B52474C4C9C0477B9F2F9B23 /* ClaudeConfigApp.swift */; };
		B972B8C6AB2943F7063A536E /* AnyCodableValue.swift in Sources */ = {isa = PBXBuildFile; fileRef = 811362365B33ABBB4F3EF734 /* AnyCodableValue.swift */; };
		C38B15616C2A05594DDDEF10 /* DetailView.swift in Sources */ = {isa = PBXBuildFile; fileRef = DA9CAF348A6B7C9DE0ED4C6D /* DetailView.swift */; };
		D20B31FCE38505E2A3159EB0 /* ConfigSection.swift in Sources */ = {isa = PBXBuildFile; fileRef = 99F51929C9D1C94B1097EBDE /* ConfigSection.swift */; };
		D58D7C0AB6251B8F4580A7B6 /* FileHistoryView.swift in Sources */ = {isa = PBXBuildFile; fileRef = E7E18D92CE6C77ABF31B3832 /* FileHistoryView.swift */; };
		DB9C222A2B6FD0825C652313 /* SessionStats.swift in Sources */ = {isa = PBXBuildFile; fileRef = AD44C114429D72F19CEA3719 /* SessionStats.swift */; };
		E0CC2BEBF5F3FEACFE534EB4 /* MCPConfigEditor.swift in Sources */ = {isa = PBXBuildFile; fileRef = BEE3F65B5BBE5003D5820787 /* MCPConfigEditor.swift */; };
		E1E5DDB046F2FC5187A95B21 /* SidebarView.swift in Sources */ = {isa = PBXBuildFile; fileRef = D5FDF96FA90F5991C7DE4864 /* SidebarView.swift */; };
		ECD253B3F7C2A488A8362896 /* AppState.swift in Sources */ = {isa = PBXBuildFile; fileRef = 72B344180C2158D92FECB26A /* AppState.swift */; };
/* End PBXBuildFile section */

/* Begin PBXFileReference section */
		00FCE4F3DD826E50E33C5726 /* Paths.swift */ = {isa = PBXFileReference; lastKnownFileType = sourcecode.swift; path = Paths.swift; sourceTree = "<group>"; };
		0443A1176E7C07C12BF9D890 /* MCPConnectionTester.swift */ = {isa = PBXFileReference; lastKnownFileType = sourcecode.swift; path = MCPConnectionTester.swift; sourceTree = "<group>"; };
		1877C375C902E05A52D82A18 /* MCPServersView.swift */ = {isa = PBXFileReference; lastKnownFileType = sourcecode.swift; path = MCPServersView.swift; sourceTree = "<group>"; };
		25CDC710349425E55324627C /* MarkdownFileEditor.swift */ = {isa = PBXFileReference; lastKnownFileType = sourcecode.swift; path = MarkdownFileEditor.swift; sourceTree = "<group>"; };
		2C19847BDFFE198BF4E54EED /* HooksView.swift */ = {isa = PBXFileReference; lastKnownFileType = sourcecode.swift; path = HooksView.swift; sourceTree = "<group>"; };
		3E23D1C20409E39042B3322A /* SessionBrowserView.swift */ = {isa = PBXFileReference; lastKnownFileType = sourcecode.swift; path = SessionBrowserView.swift; sourceTree = "<group>"; };
		46DB955C876F288DBBA69E73 /* Assets.xcassets */ = {isa = PBXFileReference; lastKnownFileType = folder.assetcatalog; path = Assets.xcassets; sourceTree = "<group>"; };
		4F7D811AAD0F340F6F108269 /* MemoryEntry.swift */ = {isa = PBXFileReference; lastKnownFileType = sourcecode.swift; path = MemoryEntry.swift; sourceTree = "<group>"; };
		59B30486FB81B42D82CDF18F /* ClaudeMdView.swift */ = {isa = PBXFileReference; lastKnownFileType = sourcecode.swift; path = ClaudeMdView.swift; sourceTree = "<group>"; };
		631654C11B7203FEB90293F0 /* ConfigEditor.swift */ = {isa = PBXFileReference; lastKnownFileType = sourcecode.swift; path = ConfigEditor.swift; sourceTree = "<group>"; };
		634910EF660D06D5E832B1EE /* SessionHistory.swift */ = {isa = PBXFileReference; lastKnownFileType = sourcecode.swift; path = SessionHistory.swift; sourceTree = "<group>"; };
		64274441B52DC284F6D8D7D7 /* ClaudeSettings.swift */ = {isa = PBXFileReference; lastKnownFileType = sourcecode.swift; path = ClaudeSettings.swift; sourceTree = "<group>"; };
		72B344180C2158D92FECB26A /* AppState.swift */ = {isa = PBXFileReference; lastKnownFileType = sourcecode.swift; path = AppState.swift; sourceTree = "<group>"; };
		774B1767ECDF9B0AE3C6A2B7 /* ContentView.swift */ = {isa = PBXFileReference; lastKnownFileType = sourcecode.swift; path = ContentView.swift; sourceTree = "<group>"; };
		811362365B33ABBB4F3EF734 /* AnyCodableValue.swift */ = {isa = PBXFileReference; lastKnownFileType = sourcecode.swift; path = AnyCodableValue.swift; sourceTree = "<group>"; };
		8D9ABD085AA13E83AFCAD548 /* ClaudeConfigGUI.app */ = {isa = PBXFileReference; explicitFileType = wrapper.application; includeInIndex = 0; path = ClaudeConfigGUI.app; sourceTree = BUILT_PRODUCTS_DIR; };
		8FE7363A3F6A695E94ADDC03 /* GeneralSettingsView.swift */ = {isa = PBXFileReference; lastKnownFileType = sourcecode.swift; path = GeneralSettingsView.swift; sourceTree = "<group>"; };
		99F51929C9D1C94B1097EBDE /* ConfigSection.swift */ = {isa = PBXFileReference; lastKnownFileType = sourcecode.swift; path = ConfigSection.swift; sourceTree = "<group>"; };
		A669F90169F59C69185A7D37 /* RawJSONView.swift */ = {isa = PBXFileReference; lastKnownFileType = sourcecode.swift; path = RawJSONView.swift; sourceTree = "<group>"; };
		A751FA052BE0731913030CDA /* MCPConfig.swift */ = {isa = PBXFileReference; lastKnownFileType = sourcecode.swift; path = MCPConfig.swift; sourceTree = "<group>"; };
		A7720EB8EA79DA43B8E2AECB /* AnalyticsView.swift */ = {isa = PBXFileReference; lastKnownFileType = sourcecode.swift; path = AnalyticsView.swift; sourceTree = "<group>"; };
		A9B52A5151CB12065DCCCDD4 /* ConfigScope.swift */ = {isa = PBXFileReference; lastKnownFileType = sourcecode.swift; path = ConfigScope.swift; sourceTree = "<group>"; };
		AD44C114429D72F19CEA3719 /* SessionStats.swift */ = {isa = PBXFileReference; lastKnownFileType = sourcecode.swift; path = SessionStats.swift; sourceTree = "<group>"; };
		AF5D2E3EB31B9AED0B334214 /* PermissionsView.swift */ = {isa = PBXFileReference; lastKnownFileType = sourcecode.swift; path = PermissionsView.swift; sourceTree = "<group>"; };
		B3EC07620633172990EC203D /* MemoryBrowserView.swift */ = {isa = PBXFileReference; lastKnownFileType = sourcecode.swift; path = MemoryBrowserView.swift; sourceTree = "<group>"; };
		B52474C4C9C0477B9F2F9B23 /* ClaudeConfigApp.swift */ = {isa = PBXFileReference; lastKnownFileType = sourcecode.swift; path = ClaudeConfigApp.swift; sourceTree = "<group>"; };
		B605903FAB788DE11705FC64 /* SandboxView.swift */ = {isa = PBXFileReference; lastKnownFileType = sourcecode.swift; path = SandboxView.swift; sourceTree = "<group>"; };
		B8908A7A07DB4724EDD84916 /* DiskUsageView.swift */ = {isa = PBXFileReference; lastKnownFileType = sourcecode.swift; path = DiskUsageView.swift; sourceTree = "<group>"; };
		BEE3F65B5BBE5003D5820787 /* MCPConfigEditor.swift */ = {isa = PBXFileReference; lastKnownFileType = sourcecode.swift; path = MCPConfigEditor.swift; sourceTree = "<group>"; };
		C39C5D2D59B89E9C96C4AA5D /* EffectiveConfigView.swift */ = {isa = PBXFileReference; lastKnownFileType = sourcecode.swift; path = EffectiveConfigView.swift; sourceTree = "<group>"; };
		D2FCAE92FC89D1E9C44E0177 /* PluginsView.swift */ = {isa = PBXFileReference; lastKnownFileType = sourcecode.swift; path = PluginsView.swift; sourceTree = "<group>"; };
		D5FDF96FA90F5991C7DE4864 /* SidebarView.swift */ = {isa = PBXFileReference; lastKnownFileType = sourcecode.swift; path = SidebarView.swift; sourceTree = "<group>"; };
		DA9CAF348A6B7C9DE0ED4C6D /* DetailView.swift */ = {isa = PBXFileReference; lastKnownFileType = sourcecode.swift; path = DetailView.swift; sourceTree = "<group>"; };
		DE34C5F00325D3348CCF1CBE /* OptionalControls.swift */ = {isa = PBXFileReference; lastKnownFileType = sourcecode.swift; path = OptionalControls.swift; sourceTree = "<group>"; };
		E0F9A8AADAEA140CA6CB9246 /* AdvancedSettingsView.swift */ = {isa = PBXFileReference; lastKnownFileType = sourcecode.swift; path = AdvancedSettingsView.swift; sourceTree = "<group>"; };
		E7E18D92CE6C77ABF31B3832 /* FileHistoryView.swift */ = {isa = PBXFileReference; lastKnownFileType = sourcecode.swift; path = FileHistoryView.swift; sourceTree = "<group>"; };
/* End PBXFileReference section */

/* Begin PBXGroup section */
		158E863C4ACD1C46EAE4C94A /* App */ = {
			isa = PBXGroup;
			children = (
				46DB955C876F288DBBA69E73 /* Assets.xcassets */,
				B52474C4C9C0477B9F2F9B23 /* ClaudeConfigApp.swift */,
				774B1767ECDF9B0AE3C6A2B7 /* ContentView.swift */,
			);
			path = App;
			sourceTree = "<group>";
		};
		16ED4EF8A2FAF4F44EF70323 /* ViewModels */ = {
			isa = PBXGroup;
			children = (
				72B344180C2158D92FECB26A /* AppState.swift */,
				631654C11B7203FEB90293F0 /* ConfigEditor.swift */,
				25CDC710349425E55324627C /* MarkdownFileEditor.swift */,
				BEE3F65B5BBE5003D5820787 /* MCPConfigEditor.swift */,
				0443A1176E7C07C12BF9D890 /* MCPConnectionTester.swift */,
			);
			path = ViewModels;
			sourceTree = "<group>";
		};
		210B5E64F2DFAB7721AD848F = {
			isa = PBXGroup;
			children = (
				913DB37E8B2B514B19FA34E9 /* Sources */,
				A26A46DA00C9F064BDA182B7 /* Products */,
			);
			sourceTree = "<group>";
		};
		2E5AB0D84D120ED43A361837 /* Detail */ = {
			isa = PBXGroup;
			children = (
				E0F9A8AADAEA140CA6CB9246 /* AdvancedSettingsView.swift */,
				A7720EB8EA79DA43B8E2AECB /* AnalyticsView.swift */,
				59B30486FB81B42D82CDF18F /* ClaudeMdView.swift */,
				B8908A7A07DB4724EDD84916 /* DiskUsageView.swift */,
				C39C5D2D59B89E9C96C4AA5D /* EffectiveConfigView.swift */,
				E7E18D92CE6C77ABF31B3832 /* FileHistoryView.swift */,
				8FE7363A3F6A695E94ADDC03 /* GeneralSettingsView.swift */,
				2C19847BDFFE198BF4E54EED /* HooksView.swift */,
				1877C375C902E05A52D82A18 /* MCPServersView.swift */,
				B3EC07620633172990EC203D /* MemoryBrowserView.swift */,
				AF5D2E3EB31B9AED0B334214 /* PermissionsView.swift */,
				D2FCAE92FC89D1E9C44E0177 /* PluginsView.swift */,
				A669F90169F59C69185A7D37 /* RawJSONView.swift */,
				B605903FAB788DE11705FC64 /* SandboxView.swift */,
				3E23D1C20409E39042B3322A /* SessionBrowserView.swift */,
			);
			path = Detail;
			sourceTree = "<group>";
		};
		37ED78CBD08E1DAA6089619E /* Components */ = {
			isa = PBXGroup;
			children = (
				DE34C5F00325D3348CCF1CBE /* OptionalControls.swift */,
			);
			path = Components;
			sourceTree = "<group>";
		};
		59573AD1D076983953DC3B58 /* Views */ = {
			isa = PBXGroup;
			children = (
				37ED78CBD08E1DAA6089619E /* Components */,
				2E5AB0D84D120ED43A361837 /* Detail */,
				8F7A7F037BAB9814E208F903 /* Sidebar */,
			);
			path = Views;
			sourceTree = "<group>";
		};
		7270B972A95B381130FFFCA0 /* Models */ = {
			isa = PBXGroup;
			children = (
				811362365B33ABBB4F3EF734 /* AnyCodableValue.swift */,
				64274441B52DC284F6D8D7D7 /* ClaudeSettings.swift */,
				A9B52A5151CB12065DCCCDD4 /* ConfigScope.swift */,
				99F51929C9D1C94B1097EBDE /* ConfigSection.swift */,
				A751FA052BE0731913030CDA /* MCPConfig.swift */,
				4F7D811AAD0F340F6F108269 /* MemoryEntry.swift */,
				00FCE4F3DD826E50E33C5726 /* Paths.swift */,
				634910EF660D06D5E832B1EE /* SessionHistory.swift */,
				AD44C114429D72F19CEA3719 /* SessionStats.swift */,
			);
			path = Models;
			sourceTree = "<group>";
		};
		8F7A7F037BAB9814E208F903 /* Sidebar */ = {
			isa = PBXGroup;
			children = (
				DA9CAF348A6B7C9DE0ED4C6D /* DetailView.swift */,
				D5FDF96FA90F5991C7DE4864 /* SidebarView.swift */,
			);
			path = Sidebar;
			sourceTree = "<group>";
		};
		913DB37E8B2B514B19FA34E9 /* Sources */ = {
			isa = PBXGroup;
			children = (
				158E863C4ACD1C46EAE4C94A /* App */,
				7270B972A95B381130FFFCA0 /* Models */,
				16ED4EF8A2FAF4F44EF70323 /* ViewModels */,
				59573AD1D076983953DC3B58 /* Views */,
			);
			path = Sources;
			sourceTree = "<group>";
		};
		A26A46DA00C9F064BDA182B7 /* Products */ = {
			isa = PBXGroup;
			children = (
				8D9ABD085AA13E83AFCAD548 /* ClaudeConfigGUI.app */,
			);
			name = Products;
			sourceTree = "<group>";
		};
/* End PBXGroup section */

/* Begin PBXNativeTarget section */
		DE3DA20AE201AFFFE11206F6 /* ClaudeConfigGUI */ = {
			isa = PBXNativeTarget;
			buildConfigurationList = CA96B4B193D015736F7BC24F /* Build configuration list for PBXNativeTarget "ClaudeConfigGUI" */;
			buildPhases = (
				CD8A83CD6C6753D90AF5B593 /* Sources */,
				25A18431E774656F6E7321A3 /* Resources */,
			);
			buildRules = (
			);
			dependencies = (
			);
			name = ClaudeConfigGUI;
			packageProductDependencies = (
			);
			productName = ClaudeConfigGUI;
			productReference = 8D9ABD085AA13E83AFCAD548 /* ClaudeConfigGUI.app */;
			productType = "com.apple.product-type.application";
		};
/* End PBXNativeTarget section */

/* Begin PBXProject section */
		096937FB5C9E07E70099FD4C /* Project object */ = {
			isa = PBXProject;
			attributes = {
				BuildIndependentTargetsInParallel = YES;
				LastUpgradeCheck = 1600;
				TargetAttributes = {
					DE3DA20AE201AFFFE11206F6 = {
						ProvisioningStyle = Automatic;
					};
				};
			};
			buildConfigurationList = 46D6CF56CEDEE4F66D02AEC3 /* Build configuration list for PBXProject "ClaudeConfigGUI" */;
			developmentRegion = en;
			hasScannedForEncodings = 0;
			knownRegions = (
				Base,
				en,
			);
			mainGroup = 210B5E64F2DFAB7721AD848F;
			minimizedProjectReferenceProxies = 1;
			preferredProjectObjectVersion = 77;
			productRefGroup = A26A46DA00C9F064BDA182B7 /* Products */;
			projectDirPath = "";
			projectRoot = "";
			targets = (
				DE3DA20AE201AFFFE11206F6 /* ClaudeConfigGUI */,
			);
		};
/* End PBXProject section */

/* Begin PBXResourcesBuildPhase section */
		25A18431E774656F6E7321A3 /* Resources */ = {
			isa = PBXResourcesBuildPhase;
			buildActionMask = 2147483647;
			files = (
				871C61BE921A6629087D47F3 /* Assets.xcassets in Resources */,
			);
			runOnlyForDeploymentPostprocessing = 0;
		};
/* End PBXResourcesBuildPhase section */

/* Begin PBXSourcesBuildPhase section */
		CD8A83CD6C6753D90AF5B593 /* Sources */ = {
			isa = PBXSourcesBuildPhase;
			buildActionMask = 2147483647;
			files = (
				0C446AE7C21D73687DC9E7F2 /* AdvancedSettingsView.swift in Sources */,
				865607752ED6025BB9F9E9CC /* AnalyticsView.swift in Sources */,
				B972B8C6AB2943F7063A536E /* AnyCodableValue.swift in Sources */,
				ECD253B3F7C2A488A8362896 /* AppState.swift in Sources */,
				A8043DD70D15B66C3D686CC2 /* ClaudeConfigApp.swift in Sources */,
				6A2842493AB2AB314BD491AB /* ClaudeMdView.swift in Sources */,
				49C2610595D859E63F710B93 /* ClaudeSettings.swift in Sources */,
				3AD25C1F14C7629F627E6462 /* ConfigEditor.swift in Sources */,
				7C3BB9410C6AE33F1198B721 /* ConfigScope.swift in Sources */,
				D20B31FCE38505E2A3159EB0 /* ConfigSection.swift in Sources */,
				812507A6F498F4DAA8890F64 /* ContentView.swift in Sources */,
				C38B15616C2A05594DDDEF10 /* DetailView.swift in Sources */,
				7A9B4B69C9D7E2932FA325AA /* DiskUsageView.swift in Sources */,
				49BFE5A83D0E705D329DEAA5 /* EffectiveConfigView.swift in Sources */,
				D58D7C0AB6251B8F4580A7B6 /* FileHistoryView.swift in Sources */,
				3ACEB32BA7D560036978AE43 /* GeneralSettingsView.swift in Sources */,
				947215A20F171BCCE77D8BD8 /* HooksView.swift in Sources */,
				807A079DC55F852576338F04 /* MCPConfig.swift in Sources */,
				E0CC2BEBF5F3FEACFE534EB4 /* MCPConfigEditor.swift in Sources */,
				A745721DD8E0ADC11349EED6 /* MCPConnectionTester.swift in Sources */,
				8AE5F0C9400EF1DB29175704 /* MCPServersView.swift in Sources */,
				5FC427B1164F5FA640C3C072 /* MarkdownFileEditor.swift in Sources */,
				09B71999DC9295636239DBB0 /* MemoryBrowserView.swift in Sources */,
				4BEFC208646FD2EBF475DB81 /* MemoryEntry.swift in Sources */,
				047F248B03C64F2E458C7278 /* OptionalControls.swift in Sources */,
				2C288FD2672E453613E2E734 /* Paths.swift in Sources */,
				1B38341DEA45D71EC6F6DF19 /* PermissionsView.swift in Sources */,
				660DA2DB200BD55740F62C20 /* PluginsView.swift in Sources */,
				237C71DE7BCEAFE42587D8B9 /* RawJSONView.swift in Sources */,
				4494F5927BA471687AFA44B3 /* SandboxView.swift in Sources */,
				22746358C62548BD2BCDBC85 /* SessionBrowserView.swift in Sources */,
				29183AFECAEF04F7690B7500 /* SessionHistory.swift in Sources */,
				DB9C222A2B6FD0825C652313 /* SessionStats.swift in Sources */,
				E1E5DDB046F2FC5187A95B21 /* SidebarView.swift in Sources */,
			);
			runOnlyForDeploymentPostprocessing = 0;
		};
/* End PBXSourcesBuildPhase section */

/* Begin XCBuildConfiguration section */
		7D09B2DB2276657961DD6B2D /* Debug */ = {
			isa = XCBuildConfiguration;
			buildSettings = {
				ALWAYS_SEARCH_USER_PATHS = NO;
				CLANG_ANALYZER_NONNULL = YES;
				CLANG_ANALYZER_NUMBER_OBJECT_CONVERSION = YES_AGGRESSIVE;
				CLANG_CXX_LANGUAGE_STANDARD = "gnu++14";
				CLANG_CXX_LIBRARY = "libc++";
				CLANG_ENABLE_MODULES = YES;
				CLANG_ENABLE_OBJC_ARC = YES;
				CLANG_ENABLE_OBJC_WEAK = YES;
				CLANG_WARN_BLOCK_CAPTURE_AUTORELEASING = YES;
				CLANG_WARN_BOOL_CONVERSION = YES;
				CLANG_WARN_COMMA = YES;
				CLANG_WARN_CONSTANT_CONVERSION = YES;
				CLANG_WARN_DEPRECATED_OBJC_IMPLEMENTATIONS = YES;
				CLANG_WARN_DIRECT_OBJC_ISA_USAGE = YES_ERROR;
				CLANG_WARN_DOCUMENTATION_COMMENTS = YES;
				CLANG_WARN_EMPTY_BODY = YES;
				CLANG_WARN_ENUM_CONVERSION = YES;
				CLANG_WARN_INFINITE_RECURSION = YES;
				CLANG_WARN_INT_CONVERSION = YES;
				CLANG_WARN_NON_LITERAL_NULL_CONVERSION = YES;
				CLANG_WARN_OBJC_IMPLICIT_RETAIN_SELF = YES;
				CLANG_WARN_OBJC_LITERAL_CONVERSION = YES;
				CLANG_WARN_OBJC_ROOT_CLASS = YES_ERROR;
				CLANG_WARN_QUOTED_INCLUDE_IN_FRAMEWORK_HEADER = YES;
				CLANG_WARN_RANGE_LOOP_ANALYSIS = YES;
				CLANG_WARN_STRICT_PROTOTYPES = YES;
				CLANG_WARN_SUSPICIOUS_MOVE = YES;
				CLANG_WARN_UNGUARDED_AVAILABILITY = YES_AGGRESSIVE;
				CLANG_WARN_UNREACHABLE_CODE = YES;
				CLANG_WARN__DUPLICATE_METHOD_MATCH = YES;
				COPY_PHASE_STRIP = NO;
				DEBUG_INFORMATION_FORMAT = dwarf;
				ENABLE_STRICT_OBJC_MSGSEND = YES;
				ENABLE_TESTABILITY = YES;
				GCC_C_LANGUAGE_STANDARD = gnu11;
				GCC_DYNAMIC_NO_PIC = NO;
				GCC_NO_COMMON_BLOCKS = YES;
				GCC_OPTIMIZATION_LEVEL = 0;
				GCC_PREPROCESSOR_DEFINITIONS = (
					"$(inherited)",
					"DEBUG=1",
				);
				GCC_WARN_64_TO_32_BIT_CONVERSION = YES;
				GCC_WARN_ABOUT_RETURN_TYPE = YES_ERROR;
				GCC_WARN_UNDECLARED_SELECTOR = YES;
				GCC_WARN_UNINITIALIZED_AUTOS = YES_AGGRESSIVE;
				GCC_WARN_UNUSED_FUNCTION = YES;
				GCC_WARN_UNUSED_VARIABLE = YES;
				MACOSX_DEPLOYMENT_TARGET = 14.0;
				MTL_ENABLE_DEBUG_INFO = INCLUDE_SOURCE;
				MTL_FAST_MATH = YES;
				ONLY_ACTIVE_ARCH = YES;
				PRODUCT_NAME = "$(TARGET_NAME)";
				SDKROOT = macosx;
				SWIFT_ACTIVE_COMPILATION_CONDITIONS = DEBUG;
				SWIFT_OPTIMIZATION_LEVEL = "-Onone";
				SWIFT_VERSION = 5.9;
			};
			name = Debug;
		};
		8A97279DD1D403D1CADF70E2 /* Release */ = {
			isa = XCBuildConfiguration;
			buildSettings = {
				ASSETCATALOG_COMPILER_APPICON_NAME = AppIcon;
				CODE_SIGN_IDENTITY = "-";
				CODE_SIGN_STYLE = Automatic;
				COMBINE_HIDPI_IMAGES = YES;
				CURRENT_PROJECT_VERSION = 1;
				ENABLE_APP_SANDBOX = NO;
				ENABLE_HARDENED_RUNTIME = YES;
				GENERATE_INFOPLIST_FILE = YES;
				INFOPLIST_GENERATION_MODE = GeneratedFile;
				INFOPLIST_KEY_NSMainNibFile = "";
				INFOPLIST_KEY_NSPrincipalClass = NSApplication;
				LD_RUNPATH_SEARCH_PATHS = (
					"$(inherited)",
					"@executable_path/../Frameworks",
				);
				MARKETING_VERSION = 0.1.0;
				PRODUCT_BUNDLE_IDENTIFIER = com.nelson.claudeconfig.gui;
				PRODUCT_NAME = "Claude Config";
				SDKROOT = macosx;
			};
			name = Release;
		};
		8CA992E7A7C6234DD102B98B /* Debug */ = {
			isa = XCBuildConfiguration;
			buildSettings = {
				ASSETCATALOG_COMPILER_APPICON_NAME = AppIcon;
				CODE_SIGN_IDENTITY = "-";
				CODE_SIGN_STYLE = Automatic;
				COMBINE_HIDPI_IMAGES = YES;
				CURRENT_PROJECT_VERSION = 1;
				ENABLE_APP_SANDBOX = NO;
				ENABLE_HARDENED_RUNTIME = YES;
				GENERATE_INFOPLIST_FILE = YES;
				INFOPLIST_GENERATION_MODE = GeneratedFile;
				INFOPLIST_KEY_NSMainNibFile = "";
				INFOPLIST_KEY_NSPrincipalClass = NSApplication;
				LD_RUNPATH_SEARCH_PATHS = (
					"$(inherited)",
					"@executable_path/../Frameworks",
				);
				MARKETING_VERSION = 0.1.0;
				PRODUCT_BUNDLE_IDENTIFIER = com.nelson.claudeconfig.gui;
				PRODUCT_NAME = "Claude Config";
				SDKROOT = macosx;
			};
			name = Debug;
		};
		CBAF7A5D2E7C7F75BE06379D /* Release */ = {
			isa = XCBuildConfiguration;
			buildSettings = {
				ALWAYS_SEARCH_USER_PATHS = NO;
				CLANG_ANALYZER_NONNULL = YES;
				CLANG_ANALYZER_NUMBER_OBJECT_CONVERSION = YES_AGGRESSIVE;
				CLANG_CXX_LANGUAGE_STANDARD = "gnu++14";
				CLANG_CXX_LIBRARY = "libc++";
				CLANG_ENABLE_MODULES = YES;
				CLANG_ENABLE_OBJC_ARC = YES;
				CLANG_ENABLE_OBJC_WEAK = YES;
				CLANG_WARN_BLOCK_CAPTURE_AUTORELEASING = YES;
				CLANG_WARN_BOOL_CONVERSION = YES;
				CLANG_WARN_COMMA = YES;
				CLANG_WARN_CONSTANT_CONVERSION = YES;
				CLANG_WARN_DEPRECATED_OBJC_IMPLEMENTATIONS = YES;
				CLANG_WARN_DIRECT_OBJC_ISA_USAGE = YES_ERROR;
				CLANG_WARN_DOCUMENTATION_COMMENTS = YES;
				CLANG_WARN_EMPTY_BODY = YES;
				CLANG_WARN_ENUM_CONVERSION = YES;
				CLANG_WARN_INFINITE_RECURSION = YES;
				CLANG_WARN_INT_CONVERSION = YES;
				CLANG_WARN_NON_LITERAL_NULL_CONVERSION = YES;
				CLANG_WARN_OBJC_IMPLICIT_RETAIN_SELF = YES;
				CLANG_WARN_OBJC_LITERAL_CONVERSION = YES;
				CLANG_WARN_OBJC_ROOT_CLASS = YES_ERROR;
				CLANG_WARN_QUOTED_INCLUDE_IN_FRAMEWORK_HEADER = YES;
				CLANG_WARN_RANGE_LOOP_ANALYSIS = YES;
				CLANG_WARN_STRICT_PROTOTYPES = YES;
				CLANG_WARN_SUSPICIOUS_MOVE = YES;
				CLANG_WARN_UNGUARDED_AVAILABILITY = YES_AGGRESSIVE;
				CLANG_WARN_UNREACHABLE_CODE = YES;
				CLANG_WARN__DUPLICATE_METHOD_MATCH = YES;
				COPY_PHASE_STRIP = NO;
				DEBUG_INFORMATION_FORMAT = "dwarf-with-dsym";
				ENABLE_NS_ASSERTIONS = NO;
				ENABLE_STRICT_OBJC_MSGSEND = YES;
				GCC_C_LANGUAGE_STANDARD = gnu11;
				GCC_NO_COMMON_BLOCKS = YES;
				GCC_WARN_64_TO_32_BIT_CONVERSION = YES;
				GCC_WARN_ABOUT_RETURN_TYPE = YES_ERROR;
				GCC_WARN_UNDECLARED_SELECTOR = YES;
				GCC_WARN_UNINITIALIZED_AUTOS = YES_AGGRESSIVE;
				GCC_WARN_UNUSED_FUNCTION = YES;
				GCC_WARN_UNUSED_VARIABLE = YES;
				MACOSX_DEPLOYMENT_TARGET = 14.0;
				MTL_ENABLE_DEBUG_INFO = NO;
				MTL_FAST_MATH = YES;
				PRODUCT_NAME = "$(TARGET_NAME)";
				SDKROOT = macosx;
				SWIFT_COMPILATION_MODE = wholemodule;
				SWIFT_OPTIMIZATION_LEVEL = "-O";
				SWIFT_VERSION = 5.9;
			};
			name = Release;
		};
/* End XCBuildConfiguration section */

/* Begin XCConfigurationList section */
		46D6CF56CEDEE4F66D02AEC3 /* Build configuration list for PBXProject "ClaudeConfigGUI" */ = {
			isa = XCConfigurationList;
			buildConfigurations = (
				7D09B2DB2276657961DD6B2D /* Debug */,
				CBAF7A5D2E7C7F75BE06379D /* Release */,
			);
			defaultConfigurationIsVisible = 0;
			defaultConfigurationName = Debug;
		};
		CA96B4B193D015736F7BC24F /* Build configuration list for PBXNativeTarget "ClaudeConfigGUI" */ = {
			isa = XCConfigurationList;
			buildConfigurations = (
				8CA992E7A7C6234DD102B98B /* Debug */,
				8A97279DD1D403D1CADF70E2 /* Release */,
			);
			defaultConfigurationIsVisible = 0;
			defaultConfigurationName = Debug;
		};
/* End XCConfigurationList section */
	};
	rootObject = 096937FB5C9E07E70099FD4C /* Project object */;
}
